
Microsoft Visual Studio Solution File, Format Version 12.00
# Visual Studio Version 17
VisualStudioVersion = 17.4.33110.190
MinimumVisualStudioVersion = 10.0.40219.1
Project("{2150E333-8FDC-42A3-9474-1A3956D46DE8}") = "services-backend", "services-backend", "{1A04B2A7-285C-4C33-86D7-C0A470957A97}"
EndProject
Project("{2150E333-8FDC-42A3-9474-1A3956D46DE8}") = "web-apps", "web-apps", "{44CA7688-6086-409A-BA0D-29C2B59B3208}"
EndProject
Project("{2150E333-8FDC-42A3-9474-1A3956D46DE8}") = "shared", "shared", "{4CAADDC8-28C7-44D1-8361-2458ACD8E17E}"
EndProject
Project("{2150E333-8FDC-42A3-9474-1A3956D46DE8}") = "1 - apis", "1 - apis", "{CFCDCC59-786A-4327-B104-E8622AA74F33}"
EndProject
Project("{2150E333-8FDC-42A3-9474-1A3956D46DE8}") = "2 - application", "2 - application", "{E3CE46DA-8EE0-44E6-99C8-AD628BF7F058}"
EndProject
Project("{2150E333-8FDC-42A3-9474-1A3956D46DE8}") = "3 - domain", "3 - domain", "{FCA30348-3DA4-40D9-8B45-678B0CF9E1D4}"
EndProject
Project("{2150E333-8FDC-42A3-9474-1A3956D46DE8}") = "4 - infra", "4 - infra", "{50ED5FC0-D515-44B9-994B-EED9998D58D8}"
EndProject
Project("{9A19103F-16F7-4668-BE54-9A1E7A4F7556}") = "TravelManage.Domain", "TravelManage.Domain\TravelManage.Domain.csproj", "{F054014E-E65A-44DD-B08B-A1DCC250EBF4}"
EndProject
Project("{9A19103F-16F7-4668-BE54-9A1E7A4F7556}") = "TravelManage.Domain.Shared", "TravelManage.Domain.Shared\TravelManage.Domain.Shared.csproj", "{314E343B-CD8C-430A-B6F3-F7B820431AC5}"
EndProject
Project("{9A19103F-16F7-4668-BE54-9A1E7A4F7556}") = "TravelManage.Infra.Data", "TravelManage.Data\TravelManage.Infra.Data.csproj", "{CEA36B8B-657D-4EBC-92EB-D391622F10E1}"
EndProject
Project("{9A19103F-16F7-4668-BE54-9A1E7A4F7556}") = "TravelManage.Application", "TravelManage.Application\TravelManage.Application.csproj", "{064E1C65-67E0-4BA2-95EA-41E0B2A14BBA}"
EndProject
Project("{9A19103F-16F7-4668-BE54-9A1E7A4F7556}") = "TravelManage.Infra.Ioc", "TravelManage.Infra.Ioc\TravelManage.Infra.Ioc.csproj", "{1CC47232-7BBC-4485-90D9-0A23209B7EC2}"
EndProject
Project("{9A19103F-16F7-4668-BE54-9A1E7A4F7556}") = "TravelManage.WebApi", "TravelManage.WebApi\TravelManage.WebApi.csproj", "{9B7D661D-CAC6-49F2-9A43-EB00AE090F3B}"
EndProject
Project("{FAE04EC0-301F-11D3-BF4B-00C04F79EFBC}") = "TravelManage.WebApp", "TravelManage.WebApp\TravelManage.WebApp.csproj", "{B114081A-C598-4C3E-8725-F6846E62F202}"
EndProject
Global
	GlobalSection(SolutionConfigurationPlatforms) = preSolution
		Debug|Any CPU = Debug|Any CPU
		Release|Any CPU = Release|Any CPU
	EndGlobalSection
	GlobalSection(ProjectConfigurationPlatforms) = postSolution
		{F054014E-E65A-44DD-B08B-A1DCC250EBF4}.Debug|Any CPU.ActiveCfg = Debug|Any CPU
		{F054014E-E65A-44DD-B08B-A1DCC250EBF4}.Debug|Any CPU.Build.0 = Debug|Any CPU
		{F054014E-E65A-44DD-B08B-A1DCC250EBF4}.Release|Any CPU.ActiveCfg = Release|Any CPU
		{F054014E-E65A-44DD-B08B-A1DCC250EBF4}.Release|Any CPU.Build.0 = Release|Any CPU
		{314E343B-CD8C-430A-B6F3-F7B820431AC5}.Debug|Any CPU.ActiveCfg = Debug|Any CPU
		{314E343B-CD8C-430A-B6F3-F7B820431AC5}.Debug|Any CPU.Build.0 = Debug|Any CPU
		{314E343B-CD8C-430A-B6F3-F7B820431AC5}.Release|Any CPU.ActiveCfg = Release|Any CPU
		{314E343B-CD8C-430A-B6F3-F7B820431AC5}.Release|Any CPU.Build.0 = Release|Any CPU
		{CEA36B8B-657D-4EBC-92EB-D391622F10E1}.Debug|Any CPU.ActiveCfg = Debug|Any CPU
		{CEA36B8B-657D-4EBC-92EB-D391622F10E1}.Debug|Any CPU.Build.0 = Debug|Any CPU
		{CEA36B8B-657D-4EBC-92EB-D391622F10E1}.Release|Any CPU.ActiveCfg = Release|Any CPU
		{CEA36B8B-657D-4EBC-92EB-D391622F10E1}.Release|Any CPU.Build.0 = Release|Any CPU
		{064E1C65-67E0-4BA2-95EA-41E0B2A14BBA}.Debug|Any CPU.ActiveCfg = Debug|Any CPU
		{064E1C65-67E0-4BA2-95EA-41E0B2A14BBA}.Debug|Any CPU.Build.0 = Debug|Any CPU
		{064E1C65-67E0-4BA2-95EA-41E0B2A14BBA}.Release|Any CPU.ActiveCfg = Release|Any CPU
		{064E1C65-67E0-4BA2-95EA-41E0B2A14BBA}.Release|Any CPU.Build.0 = Release|Any CPU
		{1CC47232-7BBC-4485-90D9-0A23209B7EC2}.Debug|Any CPU.ActiveCfg = Debug|Any CPU
		{1CC47232-7BBC-4485-90D9-0A23209B7EC2}.Debug|Any CPU.Build.0 = Debug|Any CPU
		{1CC47232-7BBC-4485-90D9-0A23209B7EC2}.Release|Any CPU.ActiveCfg = Release|Any CPU
		{1CC47232-7BBC-4485-90D9-0A23209B7EC2}.Release|Any CPU.Build.0 = Release|Any CPU
		{9B7D661D-CAC6-49F2-9A43-EB00AE090F3B}.Debug|Any CPU.ActiveCfg = Debug|Any CPU
		{9B7D661D-CAC6-49F2-9A43-EB00AE090F3B}.Debug|Any CPU.Build.0 = Debug|Any CPU
		{9B7D661D-CAC6-49F2-9A43-EB00AE090F3B}.Release|Any CPU.ActiveCfg = Release|Any CPU
		{9B7D661D-CAC6-49F2-9A43-EB00AE090F3B}.Release|Any CPU.Build.0 = Release|Any CPU
		{B114081A-C598-4C3E-8725-F6846E62F202}.Debug|Any CPU.ActiveCfg = Debug|Any CPU
		{B114081A-C598-4C3E-8725-F6846E62F202}.Debug|Any CPU.Build.0 = Debug|Any CPU
		{B114081A-C598-4C3E-8725-F6846E62F202}.Release|Any CPU.ActiveCfg = Release|Any CPU
		{B114081A-C598-4C3E-8725-F6846E62F202}.Release|Any CPU.Build.0 = Release|Any CPU
	EndGlobalSection
	GlobalSection(SolutionProperties) = preSolution
		HideSolutionNode = FALSE
	EndGlobalSection
	GlobalSection(NestedProjects) = preSolution
		{CFCDCC59-786A-4327-B104-E8622AA74F33} = {1A04B2A7-285C-4C33-86D7-C0A470957A97}
		{E3CE46DA-8EE0-44E6-99C8-AD628BF7F058} = {1A04B2A7-285C-4C33-86D7-C0A470957A97}
		{FCA30348-3DA4-40D9-8B45-678B0CF9E1D4} = {1A04B2A7-285C-4C33-86D7-C0A470957A97}
		{50ED5FC0-D515-44B9-994B-EED9998D58D8} = {1A04B2A7-285C-4C33-86D7-C0A470957A97}
		{F054014E-E65A-44DD-B08B-A1DCC250EBF4} = {FCA30348-3DA4-40D9-8B45-678B0CF9E1D4}
		{314E343B-CD8C-430A-B6F3-F7B820431AC5} = {4CAADDC8-28C7-44D1-8361-2458ACD8E17E}
		{CEA36B8B-657D-4EBC-92EB-D391622F10E1} = {50ED5FC0-D515-44B9-994B-EED9998D58D8}
		{064E1C65-67E0-4BA2-95EA-41E0B2A14BBA} = {E3CE46DA-8EE0-44E6-99C8-AD628BF7F058}
		{1CC47232-7BBC-4485-90D9-0A23209B7EC2} = {50ED5FC0-D515-44B9-994B-EED9998D58D8}
		{9B7D661D-CAC6-49F2-9A43-EB00AE090F3B} = {CFCDCC59-786A-4327-B104-E8622AA74F33}
		{B114081A-C598-4C3E-8725-F6846E62F202} = {44CA7688-6086-409A-BA0D-29C2B59B3208}
	EndGlobalSection
	GlobalSection(ExtensibilityGlobals) = postSolution
		SolutionGuid = {521C3D04-E34F-4C35-ADEE-6968395ECDAD}
	EndGlobalSection
EndGlobal
